{
    "_meta": {
        "hash": {
            "sha256": "5664bbb87873aded0cb53ff152d86feb8af6eb4fb091261c61f54bb54f6438f2"
        },
        "pipfile-spec": 6,
        "requires": {
            "python_version": "3.7"
        },
        "sources": [
            {
                "name": "pypi",
                "url": "https://pypi.org/simple",
                "verify_ssl": true
            }
        ]
    },
    "default": {
        "logger": {
            "hashes": [
                "sha256:1748cddbc12caca41283f93d56241051cbeff7d8bc77727e2a56aa23781b814d",
                "sha256:4ecac57133c6376fa215f0fe6b4dc4d60e4d1ad8be005cab4e8a702df682f8b3"
            ],
            "index": "pypi",
            "version": "==1.4"
        }
    },
    "develop": {}
}
